{
	"name": "create-guten-block",
	"version": "1.8.7",
	"lockfileVersion": 1,
	"requires": true,
	"dependencies": {
		"commander": {
			"version": "2.13.0",
			"resolved": "https://registry.npmjs.org/commander/-/commander-2.13.0.tgz",
			"integrity": "sha512-MVuS359B+YzaWqjCL/c+22gfryv+mCBPHAv3zyVI2GN8EY6IRP8VwtasXn8jyyhvvq84R4ImN1OKRtcbIasjYA=="
		},
		"directory-exists": {
			"version": "1.0.2",
			"resolved": "https://registry.npmjs.org/directory-exists/-/directory-exists-1.0.2.tgz",
			"integrity": "sha512-4Q4MDtEenlL0aeesi+1YLh2N5ir2fascSRxTt+QsRMvTWt3a5//++LiRT+fyjmb6FjFQNP/LdpixGnuVM//zpg=="
		}
	}
}
