{
	"name": "cgb-scripts",
	"version": "0.1.2",
	"lockfileVersion": 1,
	"requires": true,
	"dependencies": {
		"duplexer": {
			"version": "0.1.1",
			"resolved": "https://registry.npmjs.org/duplexer/-/duplexer-0.1.1.tgz",
			"integrity": "sha1-rOb/gIwc5mtX0ev5eXessCM0z8E="
		},
		"filesize": {
			"version": "3.5.11",
			"resolved": "https://registry.npmjs.org/filesize/-/filesize-3.5.11.tgz",
			"integrity": "sha512-ZH7loueKBoDb7yG9esn1U+fgq7BzlzW6NRi5/rMdxIZ05dj7GFD/Xc5rq2CDt5Yq86CyfSYVyx4242QQNZbx1g=="
		},
		"gzip-size": {
			"version": "4.1.0",
			"resolved": "https://registry.npmjs.org/gzip-size/-/gzip-size-4.1.0.tgz",
			"integrity": "sha1-iuCWJX6r59acRb4rZ8RIEk/7UXw=",
			"requires": {
				"duplexer": "0.1.1",
				"pify": "3.0.0"
			}
		},
		"pify": {
			"version": "3.0.0",
			"resolved": "https://registry.npmjs.org/pify/-/pify-3.0.0.tgz",
			"integrity": "sha1-5aSs0sEB/fPZpNB/DbxNtJ3SgXY="
		}
	}
}
